{
  "name": "nudat-web-unpacker",
  "lockfileVersion": 3,
  "requires": true,
  "packages": {
    "": {
      "name": "nudat-web-unpacker",
      "dependencies": {
        "streamsaver": "2.0.6"
      }
    },
    "node_modules/streamsaver": {
      "version": "2.0.6",
      "resolved": "https://registry.npmjs.org/streamsaver/-/streamsaver-2.0.6.tgz",
      "integrity": "sha512-LK4e7TfCV8HzuM0PKXuVUfKyCB1FtT9L0EGxsFk5Up8njj0bXK8pJM9+Wq2Nya7/jslmCQwRK39LFm55h7NBTw==",
      "funding": [
        {
          "type": "github",
          "url": "https://github.com/sponsors/jimmywarting"
        }
      ],
      "license": "MIT"
    }
  }
}
